
Microsoft Visual Studio Solution File, Format Version 12.00
# Visual Studio Version 17
VisualStudioVersion = 17.8.34330.188
MinimumVisualStudioVersion = 10.0.40219.1
Project("{FAE04EC0-301F-11D3-BF4B-00C04F79EFBC}") = "RealMission8-group2-7", "RealMission8-group2-7\RealMission8-group2-7.csproj", "{6029FF8D-B539-4316-9759-5AE508033EEA}"
EndProject
Global
	GlobalSection(SolutionConfigurationPlatforms) = preSolution
		Debug|Any CPU = Debug|Any CPU
		Release|Any CPU = Release|Any CPU
	EndGlobalSection
	GlobalSection(ProjectConfigurationPlatforms) = postSolution
		{6029FF8D-B539-4316-9759-5AE508033EEA}.Debug|Any CPU.ActiveCfg = Debug|Any CPU
		{6029FF8D-B539-4316-9759-5AE508033EEA}.Debug|Any CPU.Build.0 = Debug|Any CPU
		{6029FF8D-B539-4316-9759-5AE508033EEA}.Release|Any CPU.ActiveCfg = Release|Any CPU
		{6029FF8D-B539-4316-9759-5AE508033EEA}.Release|Any CPU.Build.0 = Release|Any CPU
	EndGlobalSection
	GlobalSection(SolutionProperties) = preSolution
		HideSolutionNode = FALSE
	EndGlobalSection
	GlobalSection(ExtensibilityGlobals) = postSolution
		SolutionGuid = {967B6E23-9D64-4A4E-A6C5-9DBB31DE8859}
	EndGlobalSection
EndGlobal
